
Microsoft Visual Studio Solution File, Format Version 12.00
# Visual Studio Version 17
VisualStudioVersion = 17.0.31903.59
MinimumVisualStudioVersion = 10.0.40219.1
Project("{2150E333-8FDC-42A3-9474-1A3956D46DE8}") = "solution items", "solution items", "{B7148513-4BF9-49BA-8DF5-547F9D031098}"
	ProjectSection(SolutionItems) = preProject
		LICENSE = LICENSE
		.gitignore = .gitignore
		.github\dependabot.yml = .github\dependabot.yml
		.github\workflows\build.yml = .github\workflows\build.yml
		README.md = README.md
	EndProjectSection
EndProject
Project("{2150E333-8FDC-42A3-9474-1A3956D46DE8}") = "src", "src", "{5B5180D4-AA4D-4F93-8838-61568D0CB029}"
EndProject
Project("{2150E333-8FDC-42A3-9474-1A3956D46DE8}") = "test", "test", "{80A09F36-FAFF-4D5A-9E9F-21FD7C458CC4}"
EndProject
Project("{FAE04EC0-301F-11D3-BF4B-00C04F79EFBC}") = "StandardNotesEditor.App", "src\StandardNotesEditor.App\StandardNotesEditor.App.csproj", "{2BD3F7FC-74A0-4479-9536-26D638F4815B}"
EndProject
Global
	GlobalSection(SolutionConfigurationPlatforms) = preSolution
		Debug|Any CPU = Debug|Any CPU
		Release|Any CPU = Release|Any CPU
	EndGlobalSection
	GlobalSection(SolutionProperties) = preSolution
		HideSolutionNode = FALSE
	EndGlobalSection
	GlobalSection(NestedProjects) = preSolution
		{2BD3F7FC-74A0-4479-9536-26D638F4815B} = {5B5180D4-AA4D-4F93-8838-61568D0CB029}
	EndGlobalSection
	GlobalSection(ProjectConfigurationPlatforms) = postSolution
		{2BD3F7FC-74A0-4479-9536-26D638F4815B}.Debug|Any CPU.ActiveCfg = Debug|Any CPU
		{2BD3F7FC-74A0-4479-9536-26D638F4815B}.Debug|Any CPU.Build.0 = Debug|Any CPU
		{2BD3F7FC-74A0-4479-9536-26D638F4815B}.Release|Any CPU.ActiveCfg = Release|Any CPU
		{2BD3F7FC-74A0-4479-9536-26D638F4815B}.Release|Any CPU.Build.0 = Release|Any CPU
	EndGlobalSection
EndGlobal
